
Microsoft Visual Studio Solution File, Format Version 12.00
# Visual Studio Version 17
VisualStudioVersion = 17.9.34723.18
MinimumVisualStudioVersion = 10.0.40219.1
Project("{FAE04EC0-301F-11D3-BF4B-00C04F79EFBC}") = "Demo_App", "Demo_App\Demo_App.csproj", "{0A8D41AD-7533-446B-9664-EC6E5E51B2D0}"
EndProject
Global
	GlobalSection(SolutionConfigurationPlatforms) = preSolution
		Debug|x64 = Debug|x64
		Release|x64 = Release|x64
	EndGlobalSection
	GlobalSection(ProjectConfigurationPlatforms) = postSolution
		{0A8D41AD-7533-446B-9664-EC6E5E51B2D0}.Debug|x64.ActiveCfg = Debug|x64
		{0A8D41AD-7533-446B-9664-EC6E5E51B2D0}.Debug|x64.Build.0 = Debug|x64
		{0A8D41AD-7533-446B-9664-EC6E5E51B2D0}.Debug|x64.Deploy.0 = Debug|x64
		{0A8D41AD-7533-446B-9664-EC6E5E51B2D0}.Release|x64.ActiveCfg = Release|x64
		{0A8D41AD-7533-446B-9664-EC6E5E51B2D0}.Release|x64.Build.0 = Release|x64
		{0A8D41AD-7533-446B-9664-EC6E5E51B2D0}.Release|x64.Deploy.0 = Release|x64
	EndGlobalSection
	GlobalSection(SolutionProperties) = preSolution
		HideSolutionNode = FALSE
	EndGlobalSection
	GlobalSection(ExtensibilityGlobals) = postSolution
		SolutionGuid = {7ACB2E12-A6BA-4ECD-9949-6E87F8E62DFF}
	EndGlobalSection
EndGlobal
